// !$*UTF8*$!
{
	archiveVersion = 1;
	classes = {
	};
	objectVersion = 46;
	objects = {

/* Begin PBXBuildFile section */
		CE02201C1E84C95700F8976E /* AddMethod.m in Sources */ = {isa = PBXBuildFile; fileRef = CE02201B1E84C95700F8976E /* AddMethod.m */; };
		CE02202E1E85080600F8976E /* NSString+AddProperty.m in Sources */ = {isa = PBXBuildFile; fileRef = CE02202D1E85080600F8976E /* NSString+AddProperty.m */; };
		CE0220311E8515AE00F8976E /* ForwardInvocationA.m in Sources */ = {isa = PBXBuildFile; fileRef = CE0220301E8515AE00F8976E /* ForwardInvocationA.m */; };
		CE0220371E85160D00F8976E /* ForwardInvocationB.m in Sources */ = {isa = PBXBuildFile; fileRef = CE0220361E85160D00F8976E /* ForwardInvocationB.m */; };
		CE4570B81E87A385000AE6CD /* PersonEncode.m in Sources */ = {isa = PBXBuildFile; fileRef = CE4570B71E87A385000AE6CD /* PersonEncode.m */; };
		CE4570C11E87B772000AE6CD /* NSURL+ExchangeMethod.m in Sources */ = {isa = PBXBuildFile; fileRef = CE4570C01E87B772000AE6CD /* NSURL+ExchangeMethod.m */; };
		CEBE46321E839DEB0098641F /* main.m in Sources */ = {isa = PBXBuildFile; fileRef = CEBE46311E839DEB0098641F /* main.m */; };
		CEBE46351E839DEB0098641F /* AppDelegate.m in Sources */ = {isa = PBXBuildFile; fileRef = CEBE46341E839DEB0098641F /* AppDelegate.m */; };
		CEBE46381E839DEB0098641F /* ViewController.m in Sources */ = {isa = PBXBuildFile; fileRef = CEBE46371E839DEB0098641F /* ViewController.m */; };
		CEBE463B1E839DEB0098641F /* Main.storyboard in Resources */ = {isa = PBXBuildFile; fileRef = CEBE46391E839DEB0098641F /* Main.storyboard */; };
		CEBE463D1E839DEB0098641F /* Assets.xcassets in Resources */ = {isa = PBXBuildFile; fileRef = CEBE463C1E839DEB0098641F /* Assets.xcassets */; };
		CEBE46401E839DEB0098641F /* LaunchScreen.storyboard in Resources */ = {isa = PBXBuildFile; fileRef = CEBE463E1E839DEB0098641F /* LaunchScreen.storyboard */; };
/* End PBXBuildFile section */

/* Begin PBXFileReference section */
		CE02201A1E84C95700F8976E /* AddMethod.h */ = {isa = PBXFileReference; fileEncoding = 4; lastKnownFileType = sourcecode.c.h; path = AddMethod.h; sourceTree = "<group>"; };
		CE02201B1E84C95700F8976E /* AddMethod.m */ = {isa = PBXFileReference; fileEncoding = 4; lastKnownFileType = sourcecode.c.objc; path = AddMethod.m; sourceTree = "<group>"; };
		CE02202C1E85080600F8976E /* NSString+AddProperty.h */ = {isa = PBXFileReference; fileEncoding = 4; lastKnownFileType = sourcecode.c.h; path = "NSString+AddProperty.h"; sourceTree = "<group>"; };
		CE02202D1E85080600F8976E /* NSString+AddProperty.m */ = {isa = PBXFileReference; fileEncoding = 4; lastKnownFileType = sourcecode.c.objc; path = "NSString+AddProperty.m"; sourceTree = "<group>"; };
		CE02202F1E8515AE00F8976E /* ForwardInvocationA.h */ = {isa = PBXFileReference; fileEncoding = 4; lastKnownFileType = sourcecode.c.h; path = ForwardInvocationA.h; sourceTree = "<group>"; };
		CE0220301E8515AE00F8976E /* ForwardInvocationA.m */ = {isa = PBXFileReference; fileEncoding = 4; lastKnownFileType = sourcecode.c.objc; path = ForwardInvocationA.m; sourceTree = "<group>"; };
		CE0220351E85160D00F8976E /* ForwardInvocationB.h */ = {isa = PBXFileReference; fileEncoding = 4; lastKnownFileType = sourcecode.c.h; path = ForwardInvocationB.h; sourceTree = "<group>"; };
		CE0220361E85160D00F8976E /* ForwardInvocationB.m */ = {isa = PBXFileReference; fileEncoding = 4; lastKnownFileType = sourcecode.c.objc; path = ForwardInvocationB.m; sourceTree = "<group>"; };
		CE4570B61E87A385000AE6CD /* PersonEncode.h */ = {isa = PBXFileReference; fileEncoding = 4; lastKnownFileType = sourcecode.c.h; path = PersonEncode.h; sourceTree = "<group>"; };
		CE4570B71E87A385000AE6CD /* PersonEncode.m */ = {isa = PBXFileReference; fileEncoding = 4; lastKnownFileType = sourcecode.c.objc; path = PersonEncode.m; sourceTree = "<group>"; };
		CE4570BF1E87B772000AE6CD /* NSURL+ExchangeMethod.h */ = {isa = PBXFileReference; fileEncoding = 4; lastKnownFileType = sourcecode.c.h; path = "NSURL+ExchangeMethod.h"; sourceTree = "<group>"; };
		CE4570C01E87B772000AE6CD /* NSURL+ExchangeMethod.m */ = {isa = PBXFileReference; fileEncoding = 4; lastKnownFileType = sourcecode.c.objc; path = "NSURL+ExchangeMethod.m"; sourceTree = "<group>"; };
		CEBE462D1E839DEB0098641F /* RunTime.app */ = {isa = PBXFileReference; explicitFileType = wrapper.application; includeInIndex = 0; path = RunTime.app; sourceTree = BUILT_PRODUCTS_DIR; };
		CEBE46311E839DEB0098641F /* main.m */ = {isa = PBXFileReference; lastKnownFileType = sourcecode.c.objc; path = main.m; sourceTree = "<group>"; };
		CEBE46331E839DEB0098641F /* AppDelegate.h */ = {isa = PBXFileReference; lastKnownFileType = sourcecode.c.h; path = AppDelegate.h; sourceTree = "<group>"; };
		CEBE46341E839DEB0098641F /* AppDelegate.m */ = {isa = PBXFileReference; lastKnownFileType = sourcecode.c.objc; path = AppDelegate.m; sourceTree = "<group>"; };
		CEBE46361E839DEB0098641F /* ViewController.h */ = {isa = PBXFileReference; lastKnownFileType = sourcecode.c.h; path = ViewController.h; sourceTree = "<group>"; };
		CEBE46371E839DEB0098641F /* ViewController.m */ = {isa = PBXFileReference; lastKnownFileType = sourcecode.c.objc; path = ViewController.m; sourceTree = "<group>"; };
		CEBE463A1E839DEB0098641F /* Base */ = {isa = PBXFileReference; lastKnownFileType = file.storyboard; name = Base; path = Base.lproj/Main.storyboard; sourceTree = "<group>"; };
		CEBE463C1E839DEB0098641F /* Assets.xcassets */ = {isa = PBXFileReference; lastKnownFileType = folder.assetcatalog; path = Assets.xcassets; sourceTree = "<group>"; };
		CEBE463F1E839DEB0098641F /* Base */ = {isa = PBXFileReference; lastKnownFileType = file.storyboard; name = Base; path = Base.lproj/LaunchScreen.storyboard; sourceTree = "<group>"; };
		CEBE46411E839DEB0098641F /* Info.plist */ = {isa = PBXFileReference; lastKnownFileType = text.plist.xml; path = Info.plist; sourceTree = "<group>"; };
/* End PBXFileReference section */

/* Begin PBXFrameworksBuildPhase section */
		CEBE462A1E839DEB0098641F /* Frameworks */ = {
			isa = PBXFrameworksBuildPhase;
			buildActionMask = 2147483647;
			files = (
			);
			runOnlyForDeploymentPostprocessing = 0;
		};
/* End PBXFrameworksBuildPhase section */

/* Begin PBXGroup section */
		CEBE46241E839DEB0098641F = {
			isa = PBXGroup;
			children = (
				CEBE462F1E839DEB0098641F /* RunTime */,
				CEBE462E1E839DEB0098641F /* Products */,
			);
			sourceTree = "<group>";
		};
		CEBE462E1E839DEB0098641F /* Products */ = {
			isa = PBXGroup;
			children = (
				CEBE462D1E839DEB0098641F /* RunTime.app */,
			);
			name = Products;
			sourceTree = "<group>";
		};
		CEBE462F1E839DEB0098641F /* RunTime */ = {
			isa = PBXGroup;
			children = (
				CEBE46331E839DEB0098641F /* AppDelegate.h */,
				CEBE46341E839DEB0098641F /* AppDelegate.m */,
				CEBE46361E839DEB0098641F /* ViewController.h */,
				CEBE46371E839DEB0098641F /* ViewController.m */,
				CE02201A1E84C95700F8976E /* AddMethod.h */,
				CE02201B1E84C95700F8976E /* AddMethod.m */,
				CE02202C1E85080600F8976E /* NSString+AddProperty.h */,
				CE02202D1E85080600F8976E /* NSString+AddProperty.m */,
				CE02202F1E8515AE00F8976E /* ForwardInvocationA.h */,
				CE0220301E8515AE00F8976E /* ForwardInvocationA.m */,
				CE0220351E85160D00F8976E /* ForwardInvocationB.h */,
				CE0220361E85160D00F8976E /* ForwardInvocationB.m */,
				CE4570BF1E87B772000AE6CD /* NSURL+ExchangeMethod.h */,
				CE4570C01E87B772000AE6CD /* NSURL+ExchangeMethod.m */,
				CE4570B61E87A385000AE6CD /* PersonEncode.h */,
				CE4570B71E87A385000AE6CD /* PersonEncode.m */,
				CEBE46391E839DEB0098641F /* Main.storyboard */,
				CEBE463C1E839DEB0098641F /* Assets.xcassets */,
				CEBE463E1E839DEB0098641F /* LaunchScreen.storyboard */,
				CEBE46411E839DEB0098641F /* Info.plist */,
				CEBE46301E839DEB0098641F /* Supporting Files */,
			);
			path = RunTime;
			sourceTree = "<group>";
		};
		CEBE46301E839DEB0098641F /* Supporting Files */ = {
			isa = PBXGroup;
			children = (
				CEBE46311E839DEB0098641F /* main.m */,
			);
			name = "Supporting Files";
			sourceTree = "<group>";
		};
/* End PBXGroup section */

/* Begin PBXNativeTarget section */
		CEBE462C1E839DEB0098641F /* RunTime */ = {
			isa = PBXNativeTarget;
			buildConfigurationList = CEBE46441E839DEB0098641F /* Build configuration list for PBXNativeTarget "RunTime" */;
			buildPhases = (
				CEBE46291E839DEB0098641F /* Sources */,
				CEBE462A1E839DEB0098641F /* Frameworks */,
				CEBE462B1E839DEB0098641F /* Resources */,
			);
			buildRules = (
			);
			dependencies = (
			);
			name = RunTime;
			productName = RunTime;
			productReference = CEBE462D1E839DEB0098641F /* RunTime.app */;
			productType = "com.apple.product-type.application";
		};
/* End PBXNativeTarget section */

/* Begin PBXProject section */
		CEBE46251E839DEB0098641F /* Project object */ = {
			isa = PBXProject;
			attributes = {
				LastUpgradeCheck = 0820;
				ORGANIZATIONNAME = xiaoyi;
				TargetAttributes = {
					CEBE462C1E839DEB0098641F = {
						CreatedOnToolsVersion = 8.2.1;
						DevelopmentTeam = MWL7XFM978;
						ProvisioningStyle = Automatic;
					};
				};
			};
			buildConfigurationList = CEBE46281E839DEB0098641F /* Build configuration list for PBXProject "RunTime" */;
			compatibilityVersion = "Xcode 3.2";
			developmentRegion = English;
			hasScannedForEncodings = 0;
			knownRegions = (
				en,
				Base,
			);
			mainGroup = CEBE46241E839DEB0098641F;
			productRefGroup = CEBE462E1E839DEB0098641F /* Products */;
			projectDirPath = "";
			projectRoot = "";
			targets = (
				CEBE462C1E839DEB0098641F /* RunTime */,
			);
		};
/* End PBXProject section */

/* Begin PBXResourcesBuildPhase section */
		CEBE462B1E839DEB0098641F /* Resources */ = {
			isa = PBXResourcesBuildPhase;
			buildActionMask = 2147483647;
			files = (
				CEBE46401E839DEB0098641F /* LaunchScreen.storyboard in Resources */,
				CEBE463D1E839DEB0098641F /* Assets.xcassets in Resources */,
				CEBE463B1E839DEB0098641F /* Main.storyboard in Resources */,
			);
			runOnlyForDeploymentPostprocessing = 0;
		};
/* End PBXResourcesBuildPhase section */

/* Begin PBXSourcesBuildPhase section */
		CEBE46291E839DEB0098641F /* Sources */ = {
			isa = PBXSourcesBuildPhase;
			buildActionMask = 2147483647;
			files = (
				CE02201C1E84C95700F8976E /* AddMethod.m in Sources */,
				CEBE46381E839DEB0098641F /* ViewController.m in Sources */,
				CEBE46351E839DEB0098641F /* AppDelegate.m in Sources */,
				CE0220371E85160D00F8976E /* ForwardInvocationB.m in Sources */,
				CE02202E1E85080600F8976E /* NSString+AddProperty.m in Sources */,
				CE4570C11E87B772000AE6CD /* NSURL+ExchangeMethod.m in Sources */,
				CE4570B81E87A385000AE6CD /* PersonEncode.m in Sources */,
				CEBE46321E839DEB0098641F /* main.m in Sources */,
				CE0220311E8515AE00F8976E /* ForwardInvocationA.m in Sources */,
			);
			runOnlyForDeploymentPostprocessing = 0;
		};
/* End PBXSourcesBuildPhase section */

/* Begin PBXVariantGroup section */
		CEBE46391E839DEB0098641F /* Main.storyboard */ = {
			isa = PBXVariantGroup;
			children = (
				CEBE463A1E839DEB0098641F /* Base */,
			);
			name = Main.storyboard;
			sourceTree = "<group>";
		};
		CEBE463E1E839DEB0098641F /* LaunchScreen.storyboard */ = {
			isa = PBXVariantGroup;
			children = (
				CEBE463F1E839DEB0098641F /* Base */,
			);
			name = LaunchScreen.storyboard;
			sourceTree = "<group>";
		};
/* End PBXVariantGroup section */

/* Begin XCBuildConfiguration section */
		CEBE46421E839DEB0098641F /* Debug */ = {
			isa = XCBuildConfiguration;
			buildSettings = {
				ALWAYS_SEARCH_USER_PATHS = NO;
				CLANG_ANALYZER_NONNULL = YES;
				CLANG_CXX_LANGUAGE_STANDARD = "gnu++0x";
				CLANG_CXX_LIBRARY = "libc++";
				CLANG_ENABLE_MODULES = YES;
				CLANG_ENABLE_OBJC_ARC = YES;
				CLANG_WARN_BOOL_CONVERSION = YES;
				CLANG_WARN_CONSTANT_CONVERSION = YES;
				CLANG_WARN_DIRECT_OBJC_ISA_USAGE = YES_ERROR;
				CLANG_WARN_DOCUMENTATION_COMMENTS = YES;
				CLANG_WARN_EMPTY_BODY = YES;
				CLANG_WARN_ENUM_CONVERSION = YES;
				CLANG_WARN_INFINITE_RECURSION = YES;
				CLANG_WARN_INT_CONVERSION = YES;
				CLANG_WARN_OBJC_ROOT_CLASS = YES_ERROR;
				CLANG_WARN_SUSPICIOUS_MOVE = YES;
				CLANG_WARN_UNREACHABLE_CODE = YES;
				CLANG_WARN__DUPLICATE_METHOD_MATCH = YES;
				"CODE_SIGN_IDENTITY[sdk=iphoneos*]" = "iPhone Developer";
				COPY_PHASE_STRIP = NO;
				DEBUG_INFORMATION_FORMAT = dwarf;
				ENABLE_STRICT_OBJC_MSGSEND = YES;
				ENABLE_TESTABILITY = YES;
				GCC_C_LANGUAGE_STANDARD = gnu99;
				GCC_DYNAMIC_NO_PIC = NO;
				GCC_NO_COMMON_BLOCKS = YES;
				GCC_OPTIMIZATION_LEVEL = 0;
				GCC_PREPROCESSOR_DEFINITIONS = (
					"DEBUG=1",
					"$(inherited)",
				);
				GCC_WARN_64_TO_32_BIT_CONVERSION = YES;
				GCC_WARN_ABOUT_RETURN_TYPE = YES_ERROR;
				GCC_WARN_UNDECLARED_SELECTOR = YES;
				GCC_WARN_UNINITIALIZED_AUTOS = YES_AGGRESSIVE;
				GCC_WARN_UNUSED_FUNCTION = YES;
				GCC_WARN_UNUSED_VARIABLE = YES;
				IPHONEOS_DEPLOYMENT_TARGET = 10.2;
				MTL_ENABLE_DEBUG_INFO = YES;
				ONLY_ACTIVE_ARCH = YES;
				SDKROOT = iphoneos;
				TARGETED_DEVICE_FAMILY = "1,2";
			};
			name = Debug;
		};
		CEBE46431E839DEB0098641F /* Release */ = {
			isa = XCBuildConfiguration;
			buildSettings = {
				ALWAYS_SEARCH_USER_PATHS = NO;
				CLANG_ANALYZER_NONNULL = YES;
				CLANG_CXX_LANGUAGE_STANDARD = "gnu++0x";
				CLANG_CXX_LIBRARY = "libc++";
				CLANG_ENABLE_MODULES = YES;
				CLANG_ENABLE_OBJC_ARC = YES;
				CLANG_WARN_BOOL_CONVERSION = YES;
				CLANG_WARN_CONSTANT_CONVERSION = YES;
				CLANG_WARN_DIRECT_OBJC_ISA_USAGE = YES_ERROR;
				CLANG_WARN_DOCUMENTATION_COMMENTS = YES;
				CLANG_WARN_EMPTY_BODY = YES;
				CLANG_WARN_ENUM_CONVERSION = YES;
				CLANG_WARN_INFINITE_RECURSION = YES;
				CLANG_WARN_INT_CONVERSION = YES;
				CLANG_WARN_OBJC_ROOT_CLASS = YES_ERROR;
				CLANG_WARN_SUSPICIOUS_MOVE = YES;
				CLANG_WARN_UNREACHABLE_CODE = YES;
				CLANG_WARN__DUPLICATE_METHOD_MATCH = YES;
				"CODE_SIGN_IDENTITY[sdk=iphoneos*]" = "iPhone Developer";
				COPY_PHASE_STRIP = NO;
				DEBUG_INFORMATION_FORMAT = "dwarf-with-dsym";
				ENABLE_NS_ASSERTIONS = NO;
				ENABLE_STRICT_OBJC_MSGSEND = YES;
				GCC_C_LANGUAGE_STANDARD = gnu99;
				GCC_NO_COMMON_BLOCKS = YES;
				GCC_WARN_64_TO_32_BIT_CONVERSION = YES;
				GCC_WARN_ABOUT_RETURN_TYPE = YES_ERROR;
				GCC_WARN_UNDECLARED_SELECTOR = YES;
				GCC_WARN_UNINITIALIZED_AUTOS = YES_AGGRESSIVE;
				GCC_WARN_UNUSED_FUNCTION = YES;
				GCC_WARN_UNUSED_VARIABLE = YES;
				IPHONEOS_DEPLOYMENT_TARGET = 10.2;
				MTL_ENABLE_DEBUG_INFO = NO;
				SDKROOT = iphoneos;
				TARGETED_DEVICE_FAMILY = "1,2";
				VALIDATE_PRODUCT = YES;
			};
			name = Release;
		};
		CEBE46451E839DEB0098641F /* Debug */ = {
			isa = XCBuildConfiguration;
			buildSettings = {
				ASSETCATALOG_COMPILER_APPICON_NAME = AppIcon;
				DEVELOPMENT_TEAM = MWL7XFM978;
				INFOPLIST_FILE = RunTime/Info.plist;
				LD_RUNPATH_SEARCH_PATHS = "$(inherited) @executable_path/Frameworks";
				PRODUCT_BUNDLE_IDENTIFIER = xiaoyi.RunTime;
				PRODUCT_NAME = "$(TARGET_NAME)";
			};
			name = Debug;
		};
		CEBE46461E839DEB0098641F /* Release */ = {
			isa = XCBuildConfiguration;
			buildSettings = {
				ASSETCATALOG_COMPILER_APPICON_NAME = AppIcon;
				DEVELOPMENT_TEAM = MWL7XFM978;
				INFOPLIST_FILE = RunTime/Info.plist;
				LD_RUNPATH_SEARCH_PATHS = "$(inherited) @executable_path/Frameworks";
				PRODUCT_BUNDLE_IDENTIFIER = xiaoyi.RunTime;
				PRODUCT_NAME = "$(TARGET_NAME)";
			};
			name = Release;
		};
/* End XCBuildConfiguration section */

/* Begin XCConfigurationList section */
		CEBE46281E839DEB0098641F /* Build configuration list for PBXProject "RunTime" */ = {
			isa = XCConfigurationList;
			buildConfigurations = (
				CEBE46421E839DEB0098641F /* Debug */,
				CEBE46431E839DEB0098641F /* Release */,
			);
			defaultConfigurationIsVisible = 0;
			defaultConfigurationName = Release;
		};
		CEBE46441E839DEB0098641F /* Build configuration list for PBXNativeTarget "RunTime" */ = {
			isa = XCConfigurationList;
			buildConfigurations = (
				CEBE46451E839DEB0098641F /* Debug */,
				CEBE46461E839DEB0098641F /* Release */,
			);
			defaultConfigurationIsVisible = 0;
			defaultConfigurationName = Release;
		};
/* End XCConfigurationList section */
	};
	rootObject = CEBE46251E839DEB0098641F /* Project object */;
}
